
Microsoft Visual Studio Solution File, Format Version 12.00
# Visual Studio Version 17
VisualStudioVersion = 17.2.32526.322
MinimumVisualStudioVersion = 10.0.40219.1
Project("{FAE04EC0-301F-11D3-BF4B-00C04F79EFBC}") = "Sharp.WindowsApi", "Sharp.WindowsApi\Sharp.WindowsApi.csproj", "{B897A0A7-EF6C-47F0-A298-83B723A7DC29}"
EndProject
Global
	GlobalSection(SolutionConfigurationPlatforms) = preSolution
		Debug|Any CPU = Debug|Any CPU
		Release|Any CPU = Release|Any CPU
	EndGlobalSection
	GlobalSection(ProjectConfigurationPlatforms) = postSolution
		{B897A0A7-EF6C-47F0-A298-83B723A7DC29}.Debug|Any CPU.ActiveCfg = Debug|Any CPU
		{B897A0A7-EF6C-47F0-A298-83B723A7DC29}.Debug|Any CPU.Build.0 = Debug|Any CPU
		{B897A0A7-EF6C-47F0-A298-83B723A7DC29}.Release|Any CPU.ActiveCfg = Release|Any CPU
		{B897A0A7-EF6C-47F0-A298-83B723A7DC29}.Release|Any CPU.Build.0 = Release|Any CPU
	EndGlobalSection
	GlobalSection(SolutionProperties) = preSolution
		HideSolutionNode = FALSE
	EndGlobalSection
	GlobalSection(ExtensibilityGlobals) = postSolution
		SolutionGuid = {30F9D8CA-A64A-4EFA-8CEA-6D30F6052275}
	EndGlobalSection
EndGlobal
